
Microsoft Visual Studio Solution File, Format Version 12.00
# Visual Studio Version 16
VisualStudioVersion = 16.0.30011.22
MinimumVisualStudioVersion = 10.0.40219.1
Project("{8BC9CEB8-8B4A-11D0-8D11-00A0C91BC942}") = "csg", "csg\csg.vcxproj", "{EDEEBD18-521A-4CDB-BDB5-D2143D00CEFF}"
EndProject
Project("{FAE04EC0-301F-11D3-BF4B-00C04F79EFBC}") = "csg3mf", "csg3mf\csg3mf.csproj", "{E8B746EB-F3F9-4D63-82BB-04AC5D634ED4}"
	ProjectSection(ProjectDependencies) = postProject
		{EDEEBD18-521A-4CDB-BDB5-D2143D00CEFF} = {EDEEBD18-521A-4CDB-BDB5-D2143D00CEFF}
		{74BE92FA-0EF3-4FB7-A522-ACAFE1D385CC} = {74BE92FA-0EF3-4FB7-A522-ACAFE1D385CC}
	EndProjectSection
EndProject
Project("{FAE04EC0-301F-11D3-BF4B-00C04F79EFBC}") = "csgtest", "csgtest\csgtest.csproj", "{0A24EE61-6973-4F9B-A714-80BC4E576C12}"
	ProjectSection(ProjectDependencies) = postProject
		{EDEEBD18-521A-4CDB-BDB5-D2143D00CEFF} = {EDEEBD18-521A-4CDB-BDB5-D2143D00CEFF}
	EndProjectSection
EndProject
Project("{8BC9CEB8-8B4A-11D0-8D11-00A0C91BC942}") = "cdx", "cdx\cdx.vcxproj", "{74BE92FA-0EF3-4FB7-A522-ACAFE1D385CC}"
	ProjectSection(ProjectDependencies) = postProject
		{EDEEBD18-521A-4CDB-BDB5-D2143D00CEFF} = {EDEEBD18-521A-4CDB-BDB5-D2143D00CEFF}
	EndProjectSection
EndProject
Project("{2150E333-8FDC-42A3-9474-1A3956D46DE8}") = "bin", "bin", "{EB0FC26B-609C-418F-95CB-F72D93FD9F7C}"
	ProjectSection(SolutionItems) = preProject
		bin\cdx32.dll = bin\cdx32.dll
		bin\cdx64.dll = bin\cdx64.dll
		bin\csg32.dll = bin\csg32.dll
		bin\csg3mf.exe = bin\csg3mf.exe
		bin\csg64.dll = bin\csg64.dll
	EndProjectSection
EndProject
Project("{2150E333-8FDC-42A3-9474-1A3956D46DE8}") = "textures", "textures", "{3E7B4188-AEA5-4C15-BF90-0961316D18B3}"
	ProjectSection(SolutionItems) = preProject
		bin\textures\bricks1.png = bin\textures\bricks1.png
		bin\textures\rooftiles1.png = bin\textures\rooftiles1.png
		bin\textures\wood1.png = bin\textures\wood1.png
	EndProjectSection
EndProject
Project("{2150E333-8FDC-42A3-9474-1A3956D46DE8}") = "demos", "demos", "{CEDFAC42-32F0-4A34-A522-AE9DB38A63AD}"
	ProjectSection(SolutionItems) = preProject
		bin\demos\demo1.3mf = bin\demos\demo1.3mf
		bin\demos\demo2.3mf = bin\demos\demo2.3mf
		bin\demos\demo3.3mf = bin\demos\demo3.3mf
		bin\demos\primitives.3mf = bin\demos\primitives.3mf
	EndProjectSection
EndProject
Global
	GlobalSection(SolutionConfigurationPlatforms) = preSolution
		Debug|Any CPU = Debug|Any CPU
		Debug|x64 = Debug|x64
		Debug|x86 = Debug|x86
		Release|Any CPU = Release|Any CPU
		Release|x64 = Release|x64
		Release|x86 = Release|x86
	EndGlobalSection
	GlobalSection(ProjectConfigurationPlatforms) = postSolution
		{EDEEBD18-521A-4CDB-BDB5-D2143D00CEFF}.Debug|Any CPU.ActiveCfg = Debug|Win32
		{EDEEBD18-521A-4CDB-BDB5-D2143D00CEFF}.Debug|x64.ActiveCfg = Debug|x64
		{EDEEBD18-521A-4CDB-BDB5-D2143D00CEFF}.Debug|x86.ActiveCfg = Debug|Win32
		{EDEEBD18-521A-4CDB-BDB5-D2143D00CEFF}.Release|Any CPU.ActiveCfg = Release|Win32
		{EDEEBD18-521A-4CDB-BDB5-D2143D00CEFF}.Release|x64.ActiveCfg = Release|x64
		{EDEEBD18-521A-4CDB-BDB5-D2143D00CEFF}.Release|x64.Build.0 = Release|x64
		{EDEEBD18-521A-4CDB-BDB5-D2143D00CEFF}.Release|x86.ActiveCfg = Release|Win32
		{EDEEBD18-521A-4CDB-BDB5-D2143D00CEFF}.Release|x86.Build.0 = Release|Win32
		{E8B746EB-F3F9-4D63-82BB-04AC5D634ED4}.Debug|Any CPU.ActiveCfg = Debug|Any CPU
		{E8B746EB-F3F9-4D63-82BB-04AC5D634ED4}.Debug|Any CPU.Build.0 = Debug|Any CPU
		{E8B746EB-F3F9-4D63-82BB-04AC5D634ED4}.Debug|x64.ActiveCfg = Debug|Any CPU
		{E8B746EB-F3F9-4D63-82BB-04AC5D634ED4}.Debug|x64.Build.0 = Debug|Any CPU
		{E8B746EB-F3F9-4D63-82BB-04AC5D634ED4}.Debug|x86.ActiveCfg = Debug|Any CPU
		{E8B746EB-F3F9-4D63-82BB-04AC5D634ED4}.Debug|x86.Build.0 = Debug|Any CPU
		{E8B746EB-F3F9-4D63-82BB-04AC5D634ED4}.Release|Any CPU.ActiveCfg = Release|Any CPU
		{E8B746EB-F3F9-4D63-82BB-04AC5D634ED4}.Release|Any CPU.Build.0 = Release|Any CPU
		{E8B746EB-F3F9-4D63-82BB-04AC5D634ED4}.Release|x64.ActiveCfg = Release|Any CPU
		{E8B746EB-F3F9-4D63-82BB-04AC5D634ED4}.Release|x64.Build.0 = Release|Any CPU
		{E8B746EB-F3F9-4D63-82BB-04AC5D634ED4}.Release|x86.ActiveCfg = Release|Any CPU
		{E8B746EB-F3F9-4D63-82BB-04AC5D634ED4}.Release|x86.Build.0 = Release|Any CPU
		{0A24EE61-6973-4F9B-A714-80BC4E576C12}.Debug|Any CPU.ActiveCfg = Debug|Any CPU
		{0A24EE61-6973-4F9B-A714-80BC4E576C12}.Debug|Any CPU.Build.0 = Debug|Any CPU
		{0A24EE61-6973-4F9B-A714-80BC4E576C12}.Debug|x64.ActiveCfg = Debug|Any CPU
		{0A24EE61-6973-4F9B-A714-80BC4E576C12}.Debug|x64.Build.0 = Debug|Any CPU
		{0A24EE61-6973-4F9B-A714-80BC4E576C12}.Debug|x86.ActiveCfg = Debug|Any CPU
		{0A24EE61-6973-4F9B-A714-80BC4E576C12}.Debug|x86.Build.0 = Debug|Any CPU
		{0A24EE61-6973-4F9B-A714-80BC4E576C12}.Release|Any CPU.ActiveCfg = Release|Any CPU
		{0A24EE61-6973-4F9B-A714-80BC4E576C12}.Release|Any CPU.Build.0 = Release|Any CPU
		{0A24EE61-6973-4F9B-A714-80BC4E576C12}.Release|x64.ActiveCfg = Release|Any CPU
		{0A24EE61-6973-4F9B-A714-80BC4E576C12}.Release|x64.Build.0 = Release|Any CPU
		{0A24EE61-6973-4F9B-A714-80BC4E576C12}.Release|x86.ActiveCfg = Release|Any CPU
		{0A24EE61-6973-4F9B-A714-80BC4E576C12}.Release|x86.Build.0 = Release|Any CPU
		{74BE92FA-0EF3-4FB7-A522-ACAFE1D385CC}.Debug|Any CPU.ActiveCfg = Debug|Win32
		{74BE92FA-0EF3-4FB7-A522-ACAFE1D385CC}.Debug|x64.ActiveCfg = Debug|x64
		{74BE92FA-0EF3-4FB7-A522-ACAFE1D385CC}.Debug|x64.Build.0 = Debug|x64
		{74BE92FA-0EF3-4FB7-A522-ACAFE1D385CC}.Debug|x86.ActiveCfg = Debug|Win32
		{74BE92FA-0EF3-4FB7-A522-ACAFE1D385CC}.Debug|x86.Build.0 = Debug|Win32
		{74BE92FA-0EF3-4FB7-A522-ACAFE1D385CC}.Release|Any CPU.ActiveCfg = Release|Win32
		{74BE92FA-0EF3-4FB7-A522-ACAFE1D385CC}.Release|x64.ActiveCfg = Release|x64
		{74BE92FA-0EF3-4FB7-A522-ACAFE1D385CC}.Release|x64.Build.0 = Release|x64
		{74BE92FA-0EF3-4FB7-A522-ACAFE1D385CC}.Release|x86.ActiveCfg = Release|Win32
		{74BE92FA-0EF3-4FB7-A522-ACAFE1D385CC}.Release|x86.Build.0 = Release|Win32
	EndGlobalSection
	GlobalSection(SolutionProperties) = preSolution
		HideSolutionNode = FALSE
	EndGlobalSection
	GlobalSection(NestedProjects) = preSolution
		{3E7B4188-AEA5-4C15-BF90-0961316D18B3} = {EB0FC26B-609C-418F-95CB-F72D93FD9F7C}
		{CEDFAC42-32F0-4A34-A522-AE9DB38A63AD} = {EB0FC26B-609C-418F-95CB-F72D93FD9F7C}
	EndGlobalSection
	GlobalSection(ExtensibilityGlobals) = postSolution
		SolutionGuid = {7FC8D76C-00FC-4ADC-B7E2-BF6AA82F7091}
	EndGlobalSection
EndGlobal
