
Microsoft Visual Studio Solution File, Format Version 12.00
# Visual Studio Version 16
VisualStudioVersion = 16.0.29926.136
MinimumVisualStudioVersion = 10.0.40219.1
Project("{FAE04EC0-301F-11D3-BF4B-00C04F79EFBC}") = "csgtest", "csgtest\csgtest.csproj", "{0A24EE61-6973-4F9B-A714-80BC4E576C12}"
	ProjectSection(ProjectDependencies) = postProject
		{EDEEBD18-521A-4CDB-BDB5-D2143D00CEFF} = {EDEEBD18-521A-4CDB-BDB5-D2143D00CEFF}
	EndProjectSection
EndProject
Project("{8BC9CEB8-8B4A-11D0-8D11-00A0C91BC942}") = "csg", "..\csg\csg\csg.vcxproj", "{EDEEBD18-521A-4CDB-BDB5-D2143D00CEFF}"
EndProject
Global
	GlobalSection(SolutionConfigurationPlatforms) = preSolution
		Debug|Any CPU = Debug|Any CPU
		Debug|x64 = Debug|x64
		Debug|x86 = Debug|x86
		Release|Any CPU = Release|Any CPU
		Release|x64 = Release|x64
		Release|x86 = Release|x86
	EndGlobalSection
	GlobalSection(ProjectConfigurationPlatforms) = postSolution
		{0A24EE61-6973-4F9B-A714-80BC4E576C12}.Debug|Any CPU.ActiveCfg = Debug|Any CPU
		{0A24EE61-6973-4F9B-A714-80BC4E576C12}.Debug|Any CPU.Build.0 = Debug|Any CPU
		{0A24EE61-6973-4F9B-A714-80BC4E576C12}.Debug|x64.ActiveCfg = Debug|Any CPU
		{0A24EE61-6973-4F9B-A714-80BC4E576C12}.Debug|x64.Build.0 = Debug|Any CPU
		{0A24EE61-6973-4F9B-A714-80BC4E576C12}.Debug|x86.ActiveCfg = Debug|Any CPU
		{0A24EE61-6973-4F9B-A714-80BC4E576C12}.Debug|x86.Build.0 = Debug|Any CPU
		{0A24EE61-6973-4F9B-A714-80BC4E576C12}.Release|Any CPU.ActiveCfg = Release|Any CPU
		{0A24EE61-6973-4F9B-A714-80BC4E576C12}.Release|Any CPU.Build.0 = Release|Any CPU
		{0A24EE61-6973-4F9B-A714-80BC4E576C12}.Release|x64.ActiveCfg = Release|Any CPU
		{0A24EE61-6973-4F9B-A714-80BC4E576C12}.Release|x64.Build.0 = Release|Any CPU
		{0A24EE61-6973-4F9B-A714-80BC4E576C12}.Release|x86.ActiveCfg = Release|Any CPU
		{0A24EE61-6973-4F9B-A714-80BC4E576C12}.Release|x86.Build.0 = Release|Any CPU
		{EDEEBD18-521A-4CDB-BDB5-D2143D00CEFF}.Debug|Any CPU.ActiveCfg = Debug|Win32
		{EDEEBD18-521A-4CDB-BDB5-D2143D00CEFF}.Debug|Any CPU.Build.0 = Debug|Win32
		{EDEEBD18-521A-4CDB-BDB5-D2143D00CEFF}.Debug|x64.ActiveCfg = Debug|x64
		{EDEEBD18-521A-4CDB-BDB5-D2143D00CEFF}.Debug|x64.Build.0 = Debug|x64
		{EDEEBD18-521A-4CDB-BDB5-D2143D00CEFF}.Debug|x86.ActiveCfg = Debug|Win32
		{EDEEBD18-521A-4CDB-BDB5-D2143D00CEFF}.Debug|x86.Build.0 = Debug|Win32
		{EDEEBD18-521A-4CDB-BDB5-D2143D00CEFF}.Release|Any CPU.ActiveCfg = Release|x64
		{EDEEBD18-521A-4CDB-BDB5-D2143D00CEFF}.Release|Any CPU.Build.0 = Release|x64
		{EDEEBD18-521A-4CDB-BDB5-D2143D00CEFF}.Release|x64.ActiveCfg = Release|x64
		{EDEEBD18-521A-4CDB-BDB5-D2143D00CEFF}.Release|x64.Build.0 = Release|x64
		{EDEEBD18-521A-4CDB-BDB5-D2143D00CEFF}.Release|x86.ActiveCfg = Release|Win32
		{EDEEBD18-521A-4CDB-BDB5-D2143D00CEFF}.Release|x86.Build.0 = Release|Win32
	EndGlobalSection
	GlobalSection(SolutionProperties) = preSolution
		HideSolutionNode = FALSE
	EndGlobalSection
	GlobalSection(ExtensibilityGlobals) = postSolution
		SolutionGuid = {2CF72D78-6437-4ABF-89CB-E0B8C6957C93}
	EndGlobalSection
EndGlobal
