<?xml version="1.0" encoding="utf-8"?>
<Project ToolsVersion="4.0" xmlns="http://schemas.microsoft.com/developer/msbuild/2003">
  <ItemGroup>
    <Filter Include="Quelldateien">
      <UniqueIdentifier>{4FC737F1-C7A5-4376-A066-2A32D752A2FF}</UniqueIdentifier>
      <Extensions>cpp;c;cc;cxx;c++;def;odl;idl;hpj;bat;asm;asmx</Extensions>
    </Filter>
    <Filter Include="Headerdateien">
      <UniqueIdentifier>{93995380-89BD-4b04-88EB-625FBE52EBFB}</UniqueIdentifier>
      <Extensions>h;hh;hpp;hxx;h++;hm;inl;inc;ipp;xsd</Extensions>
    </Filter>
    <Filter Include="Ressourcendateien">
      <UniqueIdentifier>{67DA6AB6-F800-4c08-8B7A-83BB121AAD01}</UniqueIdentifier>
      <Extensions>rc;ico;cur;bmp;dlg;rc2;rct;bin;rgs;gif;jpg;jpeg;jpe;resx;tiff;tif;png;wav;mfcribbon-ms</Extensions>
    </Filter>
    <Filter Include="Generierte Dateien">
      <UniqueIdentifier>{df22c785-8825-467c-a40f-4ae8ddc01ab4}</UniqueIdentifier>
      <SourceControlFiles>False</SourceControlFiles>
    </Filter>
    <Filter Include="Shader">
      <UniqueIdentifier>{f8224e20-a5be-4202-a9a8-1238a84bbac2}</UniqueIdentifier>
    </Filter>
  </ItemGroup>
  <ItemGroup>
    <ClInclude Include="framework.h">
      <Filter>Headerdateien</Filter>
    </ClInclude>
    <ClInclude Include="targetver.h">
      <Filter>Headerdateien</Filter>
    </ClInclude>
    <ClInclude Include="Resource.h">
      <Filter>Headerdateien</Filter>
    </ClInclude>
    <ClInclude Include="dllmain.h">
      <Filter>Headerdateien</Filter>
    </ClInclude>
    <ClInclude Include="cdx_i.h">
      <Filter>Generierte Dateien</Filter>
    </ClInclude>
    <ClInclude Include="pch.h">
      <Filter>Headerdateien</Filter>
    </ClInclude>
    <ClInclude Include="Factory.h">
      <Filter>Headerdateien</Filter>
    </ClInclude>
    <ClInclude Include="Scene.h">
      <Filter>Headerdateien</Filter>
    </ClInclude>
    <ClInclude Include="View.h">
      <Filter>Headerdateien</Filter>
    </ClInclude>
    <ClInclude Include="Font.h">
      <Filter>Headerdateien</Filter>
    </ClInclude>
  </ItemGroup>
  <ItemGroup>
    <ClCompile Include="cdx.cpp">
      <Filter>Quelldateien</Filter>
    </ClCompile>
    <ClCompile Include="dllmain.cpp">
      <Filter>Quelldateien</Filter>
    </ClCompile>
    <ClCompile Include="cdx_i.c">
      <Filter>Generierte Dateien</Filter>
    </ClCompile>
    <ClCompile Include="pch.cpp">
      <Filter>Quelldateien</Filter>
    </ClCompile>
    <ClCompile Include="Factory.cpp">
      <Filter>Quelldateien</Filter>
    </ClCompile>
    <ClCompile Include="Node.cpp">
      <Filter>Quelldateien</Filter>
    </ClCompile>
    <ClCompile Include="View.cpp">
      <Filter>Quelldateien</Filter>
    </ClCompile>
    <ClCompile Include="Texture.cpp">
      <Filter>Quelldateien</Filter>
    </ClCompile>
    <ClCompile Include="Font.cpp">
      <Filter>Quelldateien</Filter>
    </ClCompile>
  </ItemGroup>
  <ItemGroup>
    <ResourceCompile Include="cdx.rc">
      <Filter>Ressourcendateien</Filter>
    </ResourceCompile>
  </ItemGroup>
  <ItemGroup>
    <None Include="cdx.rgs">
      <Filter>Ressourcendateien</Filter>
    </None>
    <None Include="cdx.def">
      <Filter>Quelldateien</Filter>
    </None>
    <None Include="Factory.rgs">
      <Filter>Ressourcendateien</Filter>
    </None>
  </ItemGroup>
  <ItemGroup>
    <Midl Include="cdx.idl">
      <Filter>Quelldateien</Filter>
    </Midl>
  </ItemGroup>
  <ItemGroup>
    <FxCompile Include="VSMain.hlsl">
      <Filter>Shader</Filter>
    </FxCompile>
    <FxCompile Include="GSOutline3D.hlsl">
      <Filter>Shader</Filter>
    </FxCompile>
    <FxCompile Include="GSShadows.hlsl">
      <Filter>Shader</Filter>
    </FxCompile>
    <FxCompile Include="PSFont.hlsl">
      <Filter>Shader</Filter>
    </FxCompile>
    <FxCompile Include="PSMain.hlsl">
      <Filter>Shader</Filter>
    </FxCompile>
    <FxCompile Include="PSMain3D.hlsl">
      <Filter>Shader</Filter>
    </FxCompile>
    <FxCompile Include="PSSpec3D.hlsl">
      <Filter>Shader</Filter>
    </FxCompile>
    <FxCompile Include="PSTexture.hlsl">
      <Filter>Shader</Filter>
    </FxCompile>
    <FxCompile Include="PSTexture3D.hlsl">
      <Filter>Shader</Filter>
    </FxCompile>
    <FxCompile Include="VSWorld.hlsl">
      <Filter>Shader</Filter>
    </FxCompile>
    <FxCompile Include="PSTextureMask.hlsl">
      <Filter>Shader</Filter>
    </FxCompile>
  </ItemGroup>
</Project>